
Microsoft Visual Studio Solution File, Format Version 12.00
# Visual Studio Version 16
VisualStudioVersion = 16.0.29806.167
MinimumVisualStudioVersion = 10.0.40219.1
Project("{FAE04EC0-301F-11D3-BF4B-00C04F79EFBC}") = "PF API", "PF API\PF API.csproj", "{208BA0D1-5D99-4739-83BB-D8DCFEBB600E}"
EndProject
Project("{FAE04EC0-301F-11D3-BF4B-00C04F79EFBC}") = "PF WEB MVC", "..\PF WEB MVC\PF WEB MVC.csproj", "{F9130E92-F919-45B3-8257-0A488F86D53C}"
EndProject
Global
	GlobalSection(SolutionConfigurationPlatforms) = preSolution
		Debug|Any CPU = Debug|Any CPU
		Release|Any CPU = Release|Any CPU
	EndGlobalSection
	GlobalSection(ProjectConfigurationPlatforms) = postSolution
		{208BA0D1-5D99-4739-83BB-D8DCFEBB600E}.Debug|Any CPU.ActiveCfg = Debug|Any CPU
		{208BA0D1-5D99-4739-83BB-D8DCFEBB600E}.Debug|Any CPU.Build.0 = Debug|Any CPU
		{208BA0D1-5D99-4739-83BB-D8DCFEBB600E}.Release|Any CPU.ActiveCfg = Release|Any CPU
		{208BA0D1-5D99-4739-83BB-D8DCFEBB600E}.Release|Any CPU.Build.0 = Release|Any CPU
		{F9130E92-F919-45B3-8257-0A488F86D53C}.Debug|Any CPU.ActiveCfg = Debug|Any CPU
		{F9130E92-F919-45B3-8257-0A488F86D53C}.Debug|Any CPU.Build.0 = Debug|Any CPU
		{F9130E92-F919-45B3-8257-0A488F86D53C}.Release|Any CPU.ActiveCfg = Release|Any CPU
		{F9130E92-F919-45B3-8257-0A488F86D53C}.Release|Any CPU.Build.0 = Release|Any CPU
	EndGlobalSection
	GlobalSection(SolutionProperties) = preSolution
		HideSolutionNode = FALSE
	EndGlobalSection
	GlobalSection(ExtensibilityGlobals) = postSolution
		SolutionGuid = {E4BEE5C4-9470-45DE-9F4A-43FABDF76334}
	EndGlobalSection
EndGlobal
